// !$*UTF8*$!
{
	archiveVersion = 1;
	classes = {
	};
	objectVersion = 56;
	objects = {

/* Begin PBXBuildFile section */
		041BDEA02B7FE53C009EA6A4 /* dog.MOV in Resources */ = {isa = PBXBuildFile; fileRef = 041BDE9F2B7FE53C009EA6A4 /* dog.MOV */; };
		041BDEA22B7FE542009EA6A4 /* elephant.MOV in Resources */ = {isa = PBXBuildFile; fileRef = 041BDEA12B7FE542009EA6A4 /* elephant.MOV */; };
		041BDEA42B7FE545009EA6A4 /* giraffe.MOV in Resources */ = {isa = PBXBuildFile; fileRef = 041BDEA32B7FE545009EA6A4 /* giraffe.MOV */; };
		041BDEA82B7FE675009EA6A4 /* PracticeVideo.swift in Sources */ = {isa = PBXBuildFile; fileRef = 041BDEA72B7FE675009EA6A4 /* PracticeVideo.swift */; };
		041BDEAA2B7FE80C009EA6A4 /* PracticeView.swift in Sources */ = {isa = PBXBuildFile; fileRef = 041BDEA92B7FE80C009EA6A4 /* PracticeView.swift */; };
		042B96FB2B7BBD3600CBCE67 /* GetStartedView.swift in Sources */ = {isa = PBXBuildFile; fileRef = 042B96FA2B7BBD3600CBCE67 /* GetStartedView.swift */; };
		045A67942B7A903000FFA30B /* SignLanguageApp.swift in Sources */ = {isa = PBXBuildFile; fileRef = 045A67932B7A903000FFA30B /* SignLanguageApp.swift */; };
		045A67962B7A903000FFA30B /* CardView.swift in Sources */ = {isa = PBXBuildFile; fileRef = 045A67952B7A903000FFA30B /* CardView.swift */; };
		045A67982B7A903200FFA30B /* Assets.xcassets in Resources */ = {isa = PBXBuildFile; fileRef = 045A67972B7A903200FFA30B /* Assets.xcassets */; };
		045A679B2B7A903200FFA30B /* Preview Assets.xcassets in Resources */ = {isa = PBXBuildFile; fileRef = 045A679A2B7A903200FFA30B /* Preview Assets.xcassets */; };
		045A67A52B7A903200FFA30B /* SignLanguageTests.swift in Sources */ = {isa = PBXBuildFile; fileRef = 045A67A42B7A903200FFA30B /* SignLanguageTests.swift */; };
		045A67AF2B7A903200FFA30B /* SignLanguageUITests.swift in Sources */ = {isa = PBXBuildFile; fileRef = 045A67AE2B7A903200FFA30B /* SignLanguageUITests.swift */; };
		045A67B12B7A903200FFA30B /* SignLanguageUITestsLaunchTests.swift in Sources */ = {isa = PBXBuildFile; fileRef = 045A67B02B7A903200FFA30B /* SignLanguageUITestsLaunchTests.swift */; };
		045A67C22B7A914000FFA30B /* Card.swift in Sources */ = {isa = PBXBuildFile; fileRef = 045A67C12B7A914000FFA30B /* Card.swift */; };
		045FCAA72B7D13C4002F8BC9 /* SelectView.swift in Sources */ = {isa = PBXBuildFile; fileRef = 045FCAA62B7D13C4002F8BC9 /* SelectView.swift */; };
		04CDFB482B8382EC00631FD1 /* orange.MOV in Resources */ = {isa = PBXBuildFile; fileRef = 04CDFB472B8382EC00631FD1 /* orange.MOV */; };
		04CDFB4A2B8382FC00631FD1 /* potato.MOV in Resources */ = {isa = PBXBuildFile; fileRef = 04CDFB492B8382FC00631FD1 /* potato.MOV */; };
		04CDFB4C2B83830C00631FD1 /* nicetomeetyou.MOV in Resources */ = {isa = PBXBuildFile; fileRef = 04CDFB4B2B83830C00631FD1 /* nicetomeetyou.MOV */; };
		04CDFB4E2B83831900631FD1 /* howareyou.MOV in Resources */ = {isa = PBXBuildFile; fileRef = 04CDFB4D2B83831900631FD1 /* howareyou.MOV */; };
		04CDFB502B83832300631FD1 /* apple.MOV in Resources */ = {isa = PBXBuildFile; fileRef = 04CDFB4F2B83832300631FD1 /* apple.MOV */; };
		04CDFB522B83833000631FD1 /* iamsorry.MOV in Resources */ = {isa = PBXBuildFile; fileRef = 04CDFB512B83833000631FD1 /* iamsorry.MOV */; };
		04CDFB542B83833400631FD1 /* bread.MOV in Resources */ = {isa = PBXBuildFile; fileRef = 04CDFB532B83833400631FD1 /* bread.MOV */; };
/* End PBXBuildFile section */

/* Begin PBXContainerItemProxy section */
		045A67A12B7A903200FFA30B /* PBXContainerItemProxy */ = {
			isa = PBXContainerItemProxy;
			containerPortal = 045A67882B7A902F00FFA30B /* Project object */;
			proxyType = 1;
			remoteGlobalIDString = 045A678F2B7A902F00FFA30B;
			remoteInfo = SignLanguage;
		};
		045A67AB2B7A903200FFA30B /* PBXContainerItemProxy */ = {
			isa = PBXContainerItemProxy;
			containerPortal = 045A67882B7A902F00FFA30B /* Project object */;
			proxyType = 1;
			remoteGlobalIDString = 045A678F2B7A902F00FFA30B;
			remoteInfo = SignLanguage;
		};
/* End PBXContainerItemProxy section */

/* Begin PBXFileReference section */
		041BDE9F2B7FE53C009EA6A4 /* dog.MOV */ = {isa = PBXFileReference; lastKnownFileType = video.quicktime; path = dog.MOV; sourceTree = "<group>"; };
		041BDEA12B7FE542009EA6A4 /* elephant.MOV */ = {isa = PBXFileReference; lastKnownFileType = video.quicktime; path = elephant.MOV; sourceTree = "<group>"; };
		041BDEA32B7FE545009EA6A4 /* giraffe.MOV */ = {isa = PBXFileReference; lastKnownFileType = video.quicktime; path = giraffe.MOV; sourceTree = "<group>"; };
		041BDEA72B7FE675009EA6A4 /* PracticeVideo.swift */ = {isa = PBXFileReference; lastKnownFileType = sourcecode.swift; name = PracticeVideo.swift; path = SignLanguage/Model/PracticeVideo.swift; sourceTree = SOURCE_ROOT; };
		041BDEA92B7FE80C009EA6A4 /* PracticeView.swift */ = {isa = PBXFileReference; lastKnownFileType = sourcecode.swift; path = PracticeView.swift; sourceTree = "<group>"; };
		042B96FA2B7BBD3600CBCE67 /* GetStartedView.swift */ = {isa = PBXFileReference; lastKnownFileType = sourcecode.swift; path = GetStartedView.swift; sourceTree = "<group>"; };
		045A67902B7A903000FFA30B /* SignLanguage.app */ = {isa = PBXFileReference; explicitFileType = wrapper.application; includeInIndex = 0; path = SignLanguage.app; sourceTree = BUILT_PRODUCTS_DIR; };
		045A67932B7A903000FFA30B /* SignLanguageApp.swift */ = {isa = PBXFileReference; lastKnownFileType = sourcecode.swift; path = SignLanguageApp.swift; sourceTree = "<group>"; };
		045A67952B7A903000FFA30B /* CardView.swift */ = {isa = PBXFileReference; lastKnownFileType = sourcecode.swift; path = CardView.swift; sourceTree = "<group>"; };
		045A67972B7A903200FFA30B /* Assets.xcassets */ = {isa = PBXFileReference; lastKnownFileType = folder.assetcatalog; path = Assets.xcassets; sourceTree = "<group>"; };
		045A679A2B7A903200FFA30B /* Preview Assets.xcassets */ = {isa = PBXFileReference; lastKnownFileType = folder.assetcatalog; path = "Preview Assets.xcassets"; sourceTree = "<group>"; };
		045A67A02B7A903200FFA30B /* SignLanguageTests.xctest */ = {isa = PBXFileReference; explicitFileType = wrapper.cfbundle; includeInIndex = 0; path = SignLanguageTests.xctest; sourceTree = BUILT_PRODUCTS_DIR; };
		045A67A42B7A903200FFA30B /* SignLanguageTests.swift */ = {isa = PBXFileReference; lastKnownFileType = sourcecode.swift; path = SignLanguageTests.swift; sourceTree = "<group>"; };
		045A67AA2B7A903200FFA30B /* SignLanguageUITests.xctest */ = {isa = PBXFileReference; explicitFileType = wrapper.cfbundle; includeInIndex = 0; path = SignLanguageUITests.xctest; sourceTree = BUILT_PRODUCTS_DIR; };
		045A67AE2B7A903200FFA30B /* SignLanguageUITests.swift */ = {isa = PBXFileReference; lastKnownFileType = sourcecode.swift; path = SignLanguageUITests.swift; sourceTree = "<group>"; };
		045A67B02B7A903200FFA30B /* SignLanguageUITestsLaunchTests.swift */ = {isa = PBXFileReference; lastKnownFileType = sourcecode.swift; path = SignLanguageUITestsLaunchTests.swift; sourceTree = "<group>"; };
		045A67C12B7A914000FFA30B /* Card.swift */ = {isa = PBXFileReference; lastKnownFileType = sourcecode.swift; path = Card.swift; sourceTree = "<group>"; };
		045FCAA62B7D13C4002F8BC9 /* SelectView.swift */ = {isa = PBXFileReference; lastKnownFileType = sourcecode.swift; path = SelectView.swift; sourceTree = "<group>"; };
		04CDFB472B8382EC00631FD1 /* orange.MOV */ = {isa = PBXFileReference; lastKnownFileType = video.quicktime; path = orange.MOV; sourceTree = "<group>"; };
		04CDFB492B8382FC00631FD1 /* potato.MOV */ = {isa = PBXFileReference; lastKnownFileType = video.quicktime; path = potato.MOV; sourceTree = "<group>"; };
		04CDFB4B2B83830C00631FD1 /* nicetomeetyou.MOV */ = {isa = PBXFileReference; lastKnownFileType = video.quicktime; path = nicetomeetyou.MOV; sourceTree = "<group>"; };
		04CDFB4D2B83831900631FD1 /* howareyou.MOV */ = {isa = PBXFileReference; lastKnownFileType = video.quicktime; path = howareyou.MOV; sourceTree = "<group>"; };
		04CDFB4F2B83832300631FD1 /* apple.MOV */ = {isa = PBXFileReference; lastKnownFileType = video.quicktime; path = apple.MOV; sourceTree = "<group>"; };
		04CDFB512B83833000631FD1 /* iamsorry.MOV */ = {isa = PBXFileReference; lastKnownFileType = video.quicktime; path = iamsorry.MOV; sourceTree = "<group>"; };
		04CDFB532B83833400631FD1 /* bread.MOV */ = {isa = PBXFileReference; lastKnownFileType = video.quicktime; path = bread.MOV; sourceTree = "<group>"; };
/* End PBXFileReference section */

/* Begin PBXFrameworksBuildPhase section */
		045A678D2B7A902F00FFA30B /* Frameworks */ = {
			isa = PBXFrameworksBuildPhase;
			buildActionMask = 2147483647;
			files = (
			);
			runOnlyForDeploymentPostprocessing = 0;
		};
		045A679D2B7A903200FFA30B /* Frameworks */ = {
			isa = PBXFrameworksBuildPhase;
			buildActionMask = 2147483647;
			files = (
			);
			runOnlyForDeploymentPostprocessing = 0;
		};
		045A67A72B7A903200FFA30B /* Frameworks */ = {
			isa = PBXFrameworksBuildPhase;
			buildActionMask = 2147483647;
			files = (
			);
			runOnlyForDeploymentPostprocessing = 0;
		};
/* End PBXFrameworksBuildPhase section */

/* Begin PBXGroup section */
		0416F8162B8257D4003F52D5 /* animals */ = {
			isa = PBXGroup;
			children = (
				041BDEA32B7FE545009EA6A4 /* giraffe.MOV */,
				041BDEA12B7FE542009EA6A4 /* elephant.MOV */,
				041BDE9F2B7FE53C009EA6A4 /* dog.MOV */,
			);
			path = animals;
			sourceTree = "<group>";
		};
		041BDE9E2B7FE4B3009EA6A4 /* PracticeVideos */ = {
			isa = PBXGroup;
			children = (
				04CDFB462B8382B700631FD1 /* Common phrases */,
				04CDFB452B8382AB00631FD1 /* Food */,
				0416F8162B8257D4003F52D5 /* animals */,
			);
			path = PracticeVideos;
			sourceTree = "<group>";
		};
		045A67872B7A902F00FFA30B = {
			isa = PBXGroup;
			children = (
				045A67922B7A903000FFA30B /* SignLanguage */,
				045A67A32B7A903200FFA30B /* SignLanguageTests */,
				045A67AD2B7A903200FFA30B /* SignLanguageUITests */,
				045A67912B7A903000FFA30B /* Products */,
			);
			sourceTree = "<group>";
		};
		045A67912B7A903000FFA30B /* Products */ = {
			isa = PBXGroup;
			children = (
				045A67902B7A903000FFA30B /* SignLanguage.app */,
				045A67A02B7A903200FFA30B /* SignLanguageTests.xctest */,
				045A67AA2B7A903200FFA30B /* SignLanguageUITests.xctest */,
			);
			name = Products;
			sourceTree = "<group>";
		};
		045A67922B7A903000FFA30B /* SignLanguage */ = {
			isa = PBXGroup;
			children = (
				045A67932B7A903000FFA30B /* SignLanguageApp.swift */,
				045A67C02B7A912900FFA30B /* View */,
				041BDE9E2B7FE4B3009EA6A4 /* PracticeVideos */,
				045A67BD2B7A910A00FFA30B /* Model */,
				045A67972B7A903200FFA30B /* Assets.xcassets */,
				045A67992B7A903200FFA30B /* Preview Content */,
			);
			path = SignLanguage;
			sourceTree = "<group>";
		};
		045A67992B7A903200FFA30B /* Preview Content */ = {
			isa = PBXGroup;
			children = (
				045A679A2B7A903200FFA30B /* Preview Assets.xcassets */,
			);
			path = "Preview Content";
			sourceTree = "<group>";
		};
		045A67A32B7A903200FFA30B /* SignLanguageTests */ = {
			isa = PBXGroup;
			children = (
				045A67A42B7A903200FFA30B /* SignLanguageTests.swift */,
			);
			path = SignLanguageTests;
			sourceTree = "<group>";
		};
		045A67AD2B7A903200FFA30B /* SignLanguageUITests */ = {
			isa = PBXGroup;
			children = (
				045A67AE2B7A903200FFA30B /* SignLanguageUITests.swift */,
				045A67B02B7A903200FFA30B /* SignLanguageUITestsLaunchTests.swift */,
			);
			path = SignLanguageUITests;
			sourceTree = "<group>";
		};
		045A67BD2B7A910A00FFA30B /* Model */ = {
			isa = PBXGroup;
			children = (
				041BDEA72B7FE675009EA6A4 /* PracticeVideo.swift */,
				045A67C12B7A914000FFA30B /* Card.swift */,
			);
			path = Model;
			sourceTree = "<group>";
		};
		045A67C02B7A912900FFA30B /* View */ = {
			isa = PBXGroup;
			children = (
				045A67952B7A903000FFA30B /* CardView.swift */,
				042B96FA2B7BBD3600CBCE67 /* GetStartedView.swift */,
				045FCAA62B7D13C4002F8BC9 /* SelectView.swift */,
				041BDEA92B7FE80C009EA6A4 /* PracticeView.swift */,
			);
			path = View;
			sourceTree = "<group>";
		};
		04CDFB452B8382AB00631FD1 /* Food */ = {
			isa = PBXGroup;
			children = (
				04CDFB4F2B83832300631FD1 /* apple.MOV */,
				04CDFB532B83833400631FD1 /* bread.MOV */,
				04CDFB492B8382FC00631FD1 /* potato.MOV */,
				04CDFB472B8382EC00631FD1 /* orange.MOV */,
			);
			path = Food;
			sourceTree = "<group>";
		};
		04CDFB462B8382B700631FD1 /* Common phrases */ = {
			isa = PBXGroup;
			children = (
				04CDFB512B83833000631FD1 /* iamsorry.MOV */,
				04CDFB4D2B83831900631FD1 /* howareyou.MOV */,
				04CDFB4B2B83830C00631FD1 /* nicetomeetyou.MOV */,
			);
			path = "Common phrases";
			sourceTree = "<group>";
		};
/* End PBXGroup section */

/* Begin PBXNativeTarget section */
		045A678F2B7A902F00FFA30B /* SignLanguage */ = {
			isa = PBXNativeTarget;
			buildConfigurationList = 045A67B42B7A903200FFA30B /* Build configuration list for PBXNativeTarget "SignLanguage" */;
			buildPhases = (
				045A678C2B7A902F00FFA30B /* Sources */,
				045A678D2B7A902F00FFA30B /* Frameworks */,
				045A678E2B7A902F00FFA30B /* Resources */,
			);
			buildRules = (
			);
			dependencies = (
			);
			name = SignLanguage;
			productName = SignLanguage;
			productReference = 045A67902B7A903000FFA30B /* SignLanguage.app */;
			productType = "com.apple.product-type.application";
		};
		045A679F2B7A903200FFA30B /* SignLanguageTests */ = {
			isa = PBXNativeTarget;
			buildConfigurationList = 045A67B72B7A903200FFA30B /* Build configuration list for PBXNativeTarget "SignLanguageTests" */;
			buildPhases = (
				045A679C2B7A903200FFA30B /* Sources */,
				045A679D2B7A903200FFA30B /* Frameworks */,
				045A679E2B7A903200FFA30B /* Resources */,
			);
			buildRules = (
			);
			dependencies = (
				045A67A22B7A903200FFA30B /* PBXTargetDependency */,
			);
			name = SignLanguageTests;
			productName = SignLanguageTests;
			productReference = 045A67A02B7A903200FFA30B /* SignLanguageTests.xctest */;
			productType = "com.apple.product-type.bundle.unit-test";
		};
		045A67A92B7A903200FFA30B /* SignLanguageUITests */ = {
			isa = PBXNativeTarget;
			buildConfigurationList = 045A67BA2B7A903200FFA30B /* Build configuration list for PBXNativeTarget "SignLanguageUITests" */;
			buildPhases = (
				045A67A62B7A903200FFA30B /* Sources */,
				045A67A72B7A903200FFA30B /* Frameworks */,
				045A67A82B7A903200FFA30B /* Resources */,
			);
			buildRules = (
			);
			dependencies = (
				045A67AC2B7A903200FFA30B /* PBXTargetDependency */,
			);
			name = SignLanguageUITests;
			productName = SignLanguageUITests;
			productReference = 045A67AA2B7A903200FFA30B /* SignLanguageUITests.xctest */;
			productType = "com.apple.product-type.bundle.ui-testing";
		};
/* End PBXNativeTarget section */

/* Begin PBXProject section */
		045A67882B7A902F00FFA30B /* Project object */ = {
			isa = PBXProject;
			attributes = {
				BuildIndependentTargetsInParallel = 1;
				LastSwiftUpdateCheck = 1520;
				LastUpgradeCheck = 1520;
				TargetAttributes = {
					045A678F2B7A902F00FFA30B = {
						CreatedOnToolsVersion = 15.2;
					};
					045A679F2B7A903200FFA30B = {
						CreatedOnToolsVersion = 15.2;
						TestTargetID = 045A678F2B7A902F00FFA30B;
					};
					045A67A92B7A903200FFA30B = {
						CreatedOnToolsVersion = 15.2;
						TestTargetID = 045A678F2B7A902F00FFA30B;
					};
				};
			};
			buildConfigurationList = 045A678B2B7A902F00FFA30B /* Build configuration list for PBXProject "SignLanguage" */;
			compatibilityVersion = "Xcode 14.0";
			developmentRegion = en;
			hasScannedForEncodings = 0;
			knownRegions = (
				en,
				Base,
			);
			mainGroup = 045A67872B7A902F00FFA30B;
			productRefGroup = 045A67912B7A903000FFA30B /* Products */;
			projectDirPath = "";
			projectRoot = "";
			targets = (
				045A678F2B7A902F00FFA30B /* SignLanguage */,
				045A679F2B7A903200FFA30B /* SignLanguageTests */,
				045A67A92B7A903200FFA30B /* SignLanguageUITests */,
			);
		};
/* End PBXProject section */

/* Begin PBXResourcesBuildPhase section */
		045A678E2B7A902F00FFA30B /* Resources */ = {
			isa = PBXResourcesBuildPhase;
			buildActionMask = 2147483647;
			files = (
				04CDFB502B83832300631FD1 /* apple.MOV in Resources */,
				041BDEA02B7FE53C009EA6A4 /* dog.MOV in Resources */,
				04CDFB482B8382EC00631FD1 /* orange.MOV in Resources */,
				04CDFB4C2B83830C00631FD1 /* nicetomeetyou.MOV in Resources */,
				04CDFB4E2B83831900631FD1 /* howareyou.MOV in Resources */,
				041BDEA22B7FE542009EA6A4 /* elephant.MOV in Resources */,
				04CDFB542B83833400631FD1 /* bread.MOV in Resources */,
				045A679B2B7A903200FFA30B /* Preview Assets.xcassets in Resources */,
				04CDFB4A2B8382FC00631FD1 /* potato.MOV in Resources */,
				045A67982B7A903200FFA30B /* Assets.xcassets in Resources */,
				04CDFB522B83833000631FD1 /* iamsorry.MOV in Resources */,
				041BDEA42B7FE545009EA6A4 /* giraffe.MOV in Resources */,
			);
			runOnlyForDeploymentPostprocessing = 0;
		};
		045A679E2B7A903200FFA30B /* Resources */ = {
			isa = PBXResourcesBuildPhase;
			buildActionMask = 2147483647;
			files = (
			);
			runOnlyForDeploymentPostprocessing = 0;
		};
		045A67A82B7A903200FFA30B /* Resources */ = {
			isa = PBXResourcesBuildPhase;
			buildActionMask = 2147483647;
			files = (
			);
			runOnlyForDeploymentPostprocessing = 0;
		};
/* End PBXResourcesBuildPhase section */

/* Begin PBXSourcesBuildPhase section */
		045A678C2B7A902F00FFA30B /* Sources */ = {
			isa = PBXSourcesBuildPhase;
			buildActionMask = 2147483647;
			files = (
				045FCAA72B7D13C4002F8BC9 /* SelectView.swift in Sources */,
				041BDEA82B7FE675009EA6A4 /* PracticeVideo.swift in Sources */,
				041BDEAA2B7FE80C009EA6A4 /* PracticeView.swift in Sources */,
				045A67962B7A903000FFA30B /* CardView.swift in Sources */,
				042B96FB2B7BBD3600CBCE67 /* GetStartedView.swift in Sources */,
				045A67C22B7A914000FFA30B /* Card.swift in Sources */,
				045A67942B7A903000FFA30B /* SignLanguageApp.swift in Sources */,
			);
			runOnlyForDeploymentPostprocessing = 0;
		};
		045A679C2B7A903200FFA30B /* Sources */ = {
			isa = PBXSourcesBuildPhase;
			buildActionMask = 2147483647;
			files = (
				045A67A52B7A903200FFA30B /* SignLanguageTests.swift in Sources */,
			);
			runOnlyForDeploymentPostprocessing = 0;
		};
		045A67A62B7A903200FFA30B /* Sources */ = {
			isa = PBXSourcesBuildPhase;
			buildActionMask = 2147483647;
			files = (
				045A67AF2B7A903200FFA30B /* SignLanguageUITests.swift in Sources */,
				045A67B12B7A903200FFA30B /* SignLanguageUITestsLaunchTests.swift in Sources */,
			);
			runOnlyForDeploymentPostprocessing = 0;
		};
/* End PBXSourcesBuildPhase section */

/* Begin PBXTargetDependency section */
		045A67A22B7A903200FFA30B /* PBXTargetDependency */ = {
			isa = PBXTargetDependency;
			target = 045A678F2B7A902F00FFA30B /* SignLanguage */;
			targetProxy = 045A67A12B7A903200FFA30B /* PBXContainerItemProxy */;
		};
		045A67AC2B7A903200FFA30B /* PBXTargetDependency */ = {
			isa = PBXTargetDependency;
			target = 045A678F2B7A902F00FFA30B /* SignLanguage */;
			targetProxy = 045A67AB2B7A903200FFA30B /* PBXContainerItemProxy */;
		};
/* End PBXTargetDependency section */

/* Begin XCBuildConfiguration section */
		045A67B22B7A903200FFA30B /* Debug */ = {
			isa = XCBuildConfiguration;
			buildSettings = {
				ALWAYS_SEARCH_USER_PATHS = NO;
				ASSETCATALOG_COMPILER_GENERATE_SWIFT_ASSET_SYMBOL_EXTENSIONS = YES;
				CLANG_ANALYZER_NONNULL = YES;
				CLANG_ANALYZER_NUMBER_OBJECT_CONVERSION = YES_AGGRESSIVE;
				CLANG_CXX_LANGUAGE_STANDARD = "gnu++20";
				CLANG_ENABLE_MODULES = YES;
				CLANG_ENABLE_OBJC_ARC = YES;
				CLANG_ENABLE_OBJC_WEAK = YES;
				CLANG_WARN_BLOCK_CAPTURE_AUTORELEASING = YES;
				CLANG_WARN_BOOL_CONVERSION = YES;
				CLANG_WARN_COMMA = YES;
				CLANG_WARN_CONSTANT_CONVERSION = YES;
				CLANG_WARN_DEPRECATED_OBJC_IMPLEMENTATIONS = YES;
				CLANG_WARN_DIRECT_OBJC_ISA_USAGE = YES_ERROR;
				CLANG_WARN_DOCUMENTATION_COMMENTS = YES;
				CLANG_WARN_EMPTY_BODY = YES;
				CLANG_WARN_ENUM_CONVERSION = YES;
				CLANG_WARN_INFINITE_RECURSION = YES;
				CLANG_WARN_INT_CONVERSION = YES;
				CLANG_WARN_NON_LITERAL_NULL_CONVERSION = YES;
				CLANG_WARN_OBJC_IMPLICIT_RETAIN_SELF = YES;
				CLANG_WARN_OBJC_LITERAL_CONVERSION = YES;
				CLANG_WARN_OBJC_ROOT_CLASS = YES_ERROR;
				CLANG_WARN_QUOTED_INCLUDE_IN_FRAMEWORK_HEADER = YES;
				CLANG_WARN_RANGE_LOOP_ANALYSIS = YES;
				CLANG_WARN_STRICT_PROTOTYPES = YES;
				CLANG_WARN_SUSPICIOUS_MOVE = YES;
				CLANG_WARN_UNGUARDED_AVAILABILITY = YES_AGGRESSIVE;
				CLANG_WARN_UNREACHABLE_CODE = YES;
				CLANG_WARN__DUPLICATE_METHOD_MATCH = YES;
				COPY_PHASE_STRIP = NO;
				DEBUG_INFORMATION_FORMAT = dwarf;
				ENABLE_STRICT_OBJC_MSGSEND = YES;
				ENABLE_TESTABILITY = YES;
				ENABLE_USER_SCRIPT_SANDBOXING = YES;
				GCC_C_LANGUAGE_STANDARD = gnu17;
				GCC_DYNAMIC_NO_PIC = NO;
				GCC_NO_COMMON_BLOCKS = YES;
				GCC_OPTIMIZATION_LEVEL = 0;
				GCC_PREPROCESSOR_DEFINITIONS = (
					"DEBUG=1",
					"$(inherited)",
				);
				GCC_WARN_64_TO_32_BIT_CONVERSION = YES;
				GCC_WARN_ABOUT_RETURN_TYPE = YES_ERROR;
				GCC_WARN_UNDECLARED_SELECTOR = YES;
				GCC_WARN_UNINITIALIZED_AUTOS = YES_AGGRESSIVE;
				GCC_WARN_UNUSED_FUNCTION = YES;
				GCC_WARN_UNUSED_VARIABLE = YES;
				IPHONEOS_DEPLOYMENT_TARGET = 17.2;
				LOCALIZATION_PREFERS_STRING_CATALOGS = YES;
				MTL_ENABLE_DEBUG_INFO = INCLUDE_SOURCE;
				MTL_FAST_MATH = YES;
				ONLY_ACTIVE_ARCH = YES;
				SDKROOT = iphoneos;
				SWIFT_ACTIVE_COMPILATION_CONDITIONS = "DEBUG $(inherited)";
				SWIFT_OPTIMIZATION_LEVEL = "-Onone";
			};
			name = Debug;
		};
		045A67B32B7A903200FFA30B /* Release */ = {
			isa = XCBuildConfiguration;
			buildSettings = {
				ALWAYS_SEARCH_USER_PATHS = NO;
				ASSETCATALOG_COMPILER_GENERATE_SWIFT_ASSET_SYMBOL_EXTENSIONS = YES;
				CLANG_ANALYZER_NONNULL = YES;
				CLANG_ANALYZER_NUMBER_OBJECT_CONVERSION = YES_AGGRESSIVE;
				CLANG_CXX_LANGUAGE_STANDARD = "gnu++20";
				CLANG_ENABLE_MODULES = YES;
				CLANG_ENABLE_OBJC_ARC = YES;
				CLANG_ENABLE_OBJC_WEAK = YES;
				CLANG_WARN_BLOCK_CAPTURE_AUTORELEASING = YES;
				CLANG_WARN_BOOL_CONVERSION = YES;
				CLANG_WARN_COMMA = YES;
				CLANG_WARN_CONSTANT_CONVERSION = YES;
				CLANG_WARN_DEPRECATED_OBJC_IMPLEMENTATIONS = YES;
				CLANG_WARN_DIRECT_OBJC_ISA_USAGE = YES_ERROR;
				CLANG_WARN_DOCUMENTATION_COMMENTS = YES;
				CLANG_WARN_EMPTY_BODY = YES;
				CLANG_WARN_ENUM_CONVERSION = YES;
				CLANG_WARN_INFINITE_RECURSION = YES;
				CLANG_WARN_INT_CONVERSION = YES;
				CLANG_WARN_NON_LITERAL_NULL_CONVERSION = YES;
				CLANG_WARN_OBJC_IMPLICIT_RETAIN_SELF = YES;
				CLANG_WARN_OBJC_LITERAL_CONVERSION = YES;
				CLANG_WARN_OBJC_ROOT_CLASS = YES_ERROR;
				CLANG_WARN_QUOTED_INCLUDE_IN_FRAMEWORK_HEADER = YES;
				CLANG_WARN_RANGE_LOOP_ANALYSIS = YES;
				CLANG_WARN_STRICT_PROTOTYPES = YES;
				CLANG_WARN_SUSPICIOUS_MOVE = YES;
				CLANG_WARN_UNGUARDED_AVAILABILITY = YES_AGGRESSIVE;
				CLANG_WARN_UNREACHABLE_CODE = YES;
				CLANG_WARN__DUPLICATE_METHOD_MATCH = YES;
				COPY_PHASE_STRIP = NO;
				DEBUG_INFORMATION_FORMAT = "dwarf-with-dsym";
				ENABLE_NS_ASSERTIONS = NO;
				ENABLE_STRICT_OBJC_MSGSEND = YES;
				ENABLE_USER_SCRIPT_SANDBOXING = YES;
				GCC_C_LANGUAGE_STANDARD = gnu17;
				GCC_NO_COMMON_BLOCKS = YES;
				GCC_WARN_64_TO_32_BIT_CONVERSION = YES;
				GCC_WARN_ABOUT_RETURN_TYPE = YES_ERROR;
				GCC_WARN_UNDECLARED_SELECTOR = YES;
				GCC_WARN_UNINITIALIZED_AUTOS = YES_AGGRESSIVE;
				GCC_WARN_UNUSED_FUNCTION = YES;
				GCC_WARN_UNUSED_VARIABLE = YES;
				IPHONEOS_DEPLOYMENT_TARGET = 17.2;
				LOCALIZATION_PREFERS_STRING_CATALOGS = YES;
				MTL_ENABLE_DEBUG_INFO = NO;
				MTL_FAST_MATH = YES;
				SDKROOT = iphoneos;
				SWIFT_COMPILATION_MODE = wholemodule;
				VALIDATE_PRODUCT = YES;
			};
			name = Release;
		};
		045A67B52B7A903200FFA30B /* Debug */ = {
			isa = XCBuildConfiguration;
			buildSettings = {
				ASSETCATALOG_COMPILER_APPICON_NAME = AppIcon;
				ASSETCATALOG_COMPILER_GLOBAL_ACCENT_COLOR_NAME = AccentColor;
				CODE_SIGN_STYLE = Automatic;
				CURRENT_PROJECT_VERSION = 1;
				DEVELOPMENT_ASSET_PATHS = "\"SignLanguage/Preview Content\"";
				DEVELOPMENT_TEAM = ZR4XR5VH35;
				ENABLE_PREVIEWS = YES;
				GENERATE_INFOPLIST_FILE = YES;
				INFOPLIST_KEY_UIApplicationSceneManifest_Generation = YES;
				INFOPLIST_KEY_UIApplicationSupportsIndirectInputEvents = YES;
				INFOPLIST_KEY_UILaunchScreen_Generation = YES;
				INFOPLIST_KEY_UISupportedInterfaceOrientations_iPad = "UIInterfaceOrientationPortrait UIInterfaceOrientationPortraitUpsideDown UIInterfaceOrientationLandscapeLeft UIInterfaceOrientationLandscapeRight";
				INFOPLIST_KEY_UISupportedInterfaceOrientations_iPhone = "UIInterfaceOrientationPortrait UIInterfaceOrientationLandscapeLeft UIInterfaceOrientationLandscapeRight";
				IPHONEOS_DEPLOYMENT_TARGET = 16.5;
				LD_RUNPATH_SEARCH_PATHS = (
					"$(inherited)",
					"@executable_path/Frameworks",
				);
				MARKETING_VERSION = 1.0;
				PRODUCT_BUNDLE_IDENTIFIER = name.komiselen.SignLanguage;
				PRODUCT_NAME = "$(TARGET_NAME)";
				SWIFT_EMIT_LOC_STRINGS = YES;
				SWIFT_VERSION = 5.0;
				TARGETED_DEVICE_FAMILY = "1,2";
			};
			name = Debug;
		};
		045A67B62B7A903200FFA30B /* Release */ = {
			isa = XCBuildConfiguration;
			buildSettings = {
				ASSETCATALOG_COMPILER_APPICON_NAME = AppIcon;
				ASSETCATALOG_COMPILER_GLOBAL_ACCENT_COLOR_NAME = AccentColor;
				CODE_SIGN_STYLE = Automatic;
				CURRENT_PROJECT_VERSION = 1;
				DEVELOPMENT_ASSET_PATHS = "\"SignLanguage/Preview Content\"";
				DEVELOPMENT_TEAM = ZR4XR5VH35;
				ENABLE_PREVIEWS = YES;
				GENERATE_INFOPLIST_FILE = YES;
				INFOPLIST_KEY_UIApplicationSceneManifest_Generation = YES;
				INFOPLIST_KEY_UIApplicationSupportsIndirectInputEvents = YES;
				INFOPLIST_KEY_UILaunchScreen_Generation = YES;
				INFOPLIST_KEY_UISupportedInterfaceOrientations_iPad = "UIInterfaceOrientationPortrait UIInterfaceOrientationPortraitUpsideDown UIInterfaceOrientationLandscapeLeft UIInterfaceOrientationLandscapeRight";
				INFOPLIST_KEY_UISupportedInterfaceOrientations_iPhone = "UIInterfaceOrientationPortrait UIInterfaceOrientationLandscapeLeft UIInterfaceOrientationLandscapeRight";
				IPHONEOS_DEPLOYMENT_TARGET = 16.5;
				LD_RUNPATH_SEARCH_PATHS = (
					"$(inherited)",
					"@executable_path/Frameworks",
				);
				MARKETING_VERSION = 1.0;
				PRODUCT_BUNDLE_IDENTIFIER = name.komiselen.SignLanguage;
				PRODUCT_NAME = "$(TARGET_NAME)";
				SWIFT_EMIT_LOC_STRINGS = YES;
				SWIFT_VERSION = 5.0;
				TARGETED_DEVICE_FAMILY = "1,2";
			};
			name = Release;
		};
		045A67B82B7A903200FFA30B /* Debug */ = {
			isa = XCBuildConfiguration;
			buildSettings = {
				ALWAYS_EMBED_SWIFT_STANDARD_LIBRARIES = YES;
				BUNDLE_LOADER = "$(TEST_HOST)";
				CODE_SIGN_STYLE = Automatic;
				CURRENT_PROJECT_VERSION = 1;
				DEVELOPMENT_TEAM = ZR4XR5VH35;
				GENERATE_INFOPLIST_FILE = YES;
				IPHONEOS_DEPLOYMENT_TARGET = 17.2;
				MARKETING_VERSION = 1.0;
				PRODUCT_BUNDLE_IDENTIFIER = name.komiselen.SignLanguageTests;
				PRODUCT_NAME = "$(TARGET_NAME)";
				SWIFT_EMIT_LOC_STRINGS = NO;
				SWIFT_VERSION = 5.0;
				TARGETED_DEVICE_FAMILY = "1,2";
				TEST_HOST = "$(BUILT_PRODUCTS_DIR)/SignLanguage.app/$(BUNDLE_EXECUTABLE_FOLDER_PATH)/SignLanguage";
			};
			name = Debug;
		};
		045A67B92B7A903200FFA30B /* Release */ = {
			isa = XCBuildConfiguration;
			buildSettings = {
				ALWAYS_EMBED_SWIFT_STANDARD_LIBRARIES = YES;
				BUNDLE_LOADER = "$(TEST_HOST)";
				CODE_SIGN_STYLE = Automatic;
				CURRENT_PROJECT_VERSION = 1;
				DEVELOPMENT_TEAM = ZR4XR5VH35;
				GENERATE_INFOPLIST_FILE = YES;
				IPHONEOS_DEPLOYMENT_TARGET = 17.2;
				MARKETING_VERSION = 1.0;
				PRODUCT_BUNDLE_IDENTIFIER = name.komiselen.SignLanguageTests;
				PRODUCT_NAME = "$(TARGET_NAME)";
				SWIFT_EMIT_LOC_STRINGS = NO;
				SWIFT_VERSION = 5.0;
				TARGETED_DEVICE_FAMILY = "1,2";
				TEST_HOST = "$(BUILT_PRODUCTS_DIR)/SignLanguage.app/$(BUNDLE_EXECUTABLE_FOLDER_PATH)/SignLanguage";
			};
			name = Release;
		};
		045A67BB2B7A903200FFA30B /* Debug */ = {
			isa = XCBuildConfiguration;
			buildSettings = {
				ALWAYS_EMBED_SWIFT_STANDARD_LIBRARIES = YES;
				CODE_SIGN_STYLE = Automatic;
				CURRENT_PROJECT_VERSION = 1;
				DEVELOPMENT_TEAM = ZR4XR5VH35;
				GENERATE_INFOPLIST_FILE = YES;
				MARKETING_VERSION = 1.0;
				PRODUCT_BUNDLE_IDENTIFIER = name.komiselen.SignLanguageUITests;
				PRODUCT_NAME = "$(TARGET_NAME)";
				SWIFT_EMIT_LOC_STRINGS = NO;
				SWIFT_VERSION = 5.0;
				TARGETED_DEVICE_FAMILY = "1,2";
				TEST_TARGET_NAME = SignLanguage;
			};
			name = Debug;
		};
		045A67BC2B7A903200FFA30B /* Release */ = {
			isa = XCBuildConfiguration;
			buildSettings = {
				ALWAYS_EMBED_SWIFT_STANDARD_LIBRARIES = YES;
				CODE_SIGN_STYLE = Automatic;
				CURRENT_PROJECT_VERSION = 1;
				DEVELOPMENT_TEAM = ZR4XR5VH35;
				GENERATE_INFOPLIST_FILE = YES;
				MARKETING_VERSION = 1.0;
				PRODUCT_BUNDLE_IDENTIFIER = name.komiselen.SignLanguageUITests;
				PRODUCT_NAME = "$(TARGET_NAME)";
				SWIFT_EMIT_LOC_STRINGS = NO;
				SWIFT_VERSION = 5.0;
				TARGETED_DEVICE_FAMILY = "1,2";
				TEST_TARGET_NAME = SignLanguage;
			};
			name = Release;
		};
/* End XCBuildConfiguration section */

/* Begin XCConfigurationList section */
		045A678B2B7A902F00FFA30B /* Build configuration list for PBXProject "SignLanguage" */ = {
			isa = XCConfigurationList;
			buildConfigurations = (
				045A67B22B7A903200FFA30B /* Debug */,
				045A67B32B7A903200FFA30B /* Release */,
			);
			defaultConfigurationIsVisible = 0;
			defaultConfigurationName = Release;
		};
		045A67B42B7A903200FFA30B /* Build configuration list for PBXNativeTarget "SignLanguage" */ = {
			isa = XCConfigurationList;
			buildConfigurations = (
				045A67B52B7A903200FFA30B /* Debug */,
				045A67B62B7A903200FFA30B /* Release */,
			);
			defaultConfigurationIsVisible = 0;
			defaultConfigurationName = Release;
		};
		045A67B72B7A903200FFA30B /* Build configuration list for PBXNativeTarget "SignLanguageTests" */ = {
			isa = XCConfigurationList;
			buildConfigurations = (
				045A67B82B7A903200FFA30B /* Debug */,
				045A67B92B7A903200FFA30B /* Release */,
			);
			defaultConfigurationIsVisible = 0;
			defaultConfigurationName = Release;
		};
		045A67BA2B7A903200FFA30B /* Build configuration list for PBXNativeTarget "SignLanguageUITests" */ = {
			isa = XCConfigurationList;
			buildConfigurations = (
				045A67BB2B7A903200FFA30B /* Debug */,
				045A67BC2B7A903200FFA30B /* Release */,
			);
			defaultConfigurationIsVisible = 0;
			defaultConfigurationName = Release;
		};
/* End XCConfigurationList section */
	};
	rootObject = 045A67882B7A902F00FFA30B /* Project object */;
}
